
Microsoft Visual Studio Solution File, Format Version 12.00
# Visual Studio Version 17
VisualStudioVersion = 17.4.33213.308
MinimumVisualStudioVersion = 10.0.40219.1
Project("{9A19103F-16F7-4668-BE54-9A1E7A4F7556}") = "TrafficLight-Api", "TrafficLight-Api.csproj", "{1B3836D9-A380-4540-B8F6-ACF920228710}"
EndProject
Project("{FAE04EC0-301F-11D3-BF4B-00C04F79EFBC}") = "UnitTests", "..\UnitTests\UnitTests.csproj", "{AC7EB898-3D04-447D-AAEB-39C1B54817BE}"
EndProject
Global
	GlobalSection(SolutionConfigurationPlatforms) = preSolution
		Debug|Any CPU = Debug|Any CPU
		Release|Any CPU = Release|Any CPU
	EndGlobalSection
	GlobalSection(ProjectConfigurationPlatforms) = postSolution
		{1B3836D9-A380-4540-B8F6-ACF920228710}.Debug|Any CPU.ActiveCfg = Debug|Any CPU
		{1B3836D9-A380-4540-B8F6-ACF920228710}.Debug|Any CPU.Build.0 = Debug|Any CPU
		{1B3836D9-A380-4540-B8F6-ACF920228710}.Release|Any CPU.ActiveCfg = Release|Any CPU
		{1B3836D9-A380-4540-B8F6-ACF920228710}.Release|Any CPU.Build.0 = Release|Any CPU
		{AC7EB898-3D04-447D-AAEB-39C1B54817BE}.Debug|Any CPU.ActiveCfg = Debug|Any CPU
		{AC7EB898-3D04-447D-AAEB-39C1B54817BE}.Debug|Any CPU.Build.0 = Debug|Any CPU
		{AC7EB898-3D04-447D-AAEB-39C1B54817BE}.Release|Any CPU.ActiveCfg = Release|Any CPU
		{AC7EB898-3D04-447D-AAEB-39C1B54817BE}.Release|Any CPU.Build.0 = Release|Any CPU
	EndGlobalSection
	GlobalSection(SolutionProperties) = preSolution
		HideSolutionNode = FALSE
	EndGlobalSection
	GlobalSection(ExtensibilityGlobals) = postSolution
		SolutionGuid = {C5DEB096-D8D1-4CB3-988C-3E0DDE9CF251}
	EndGlobalSection
EndGlobal
